// !$*UTF8*$!
{
	archiveVersion = 1;
	classes = {
	};
	objectVersion = 77;
	objects = {

/* Begin PBXBuildFile section */
		4C280D722FBAB0980096A4D3 /* AsyncAlgorithms in Frameworks */ = {isa = PBXBuildFile; productRef = 4C280D712FBAB0980096A4D3 /* AsyncAlgorithms */; };
		4C289B512FBDE46700F034AD /* Strophe.icon in Resources */ = {isa = PBXBuildFile; fileRef = 4C289B502FBDE46700F034AD /* Strophe.icon */; };
		4C5220072FC87C340065A20D /* Spleeter in Frameworks */ = {isa = PBXBuildFile; productRef = 4C5220062FC87C340065A20D /* Spleeter */; };
		4C52200A2FC881640065A20D /* Qwen3ASR in Frameworks */ = {isa = PBXBuildFile; productRef = 4C5220092FC881640065A20D /* Qwen3ASR */; };
		4C52200E2FC881640065A20D /* SpeechEnhancement in Frameworks */ = {isa = PBXBuildFile; productRef = 4C52200D2FC881640065A20D /* SpeechEnhancement */; };
		4C5220102FC881640065A20D /* SpeechVAD in Frameworks */ = {isa = PBXBuildFile; productRef = 4C52200F2FC881640065A20D /* SpeechVAD */; };
		4C88C9072FBB72E300142A61 /* Libswscale.xcframework in Frameworks */ = {isa = PBXBuildFile; fileRef = 4C88C9012FBB72E300142A61 /* Libswscale.xcframework */; };
		4C88C9092FBB72E300142A61 /* Libavcodec.xcframework in Frameworks */ = {isa = PBXBuildFile; fileRef = 4C88C9022FBB72E300142A61 /* Libavcodec.xcframework */; };
		4C88C90B2FBB72E300142A61 /* Libavformat.xcframework in Frameworks */ = {isa = PBXBuildFile; fileRef = 4C88C9032FBB72E300142A61 /* Libavformat.xcframework */; };
		4C88C90D2FBB72E300142A61 /* Libswresample.xcframework in Frameworks */ = {isa = PBXBuildFile; fileRef = 4C88C9042FBB72E300142A61 /* Libswresample.xcframework */; };
		4C88C90F2FBB72E300142A61 /* Libdav1d.xcframework in Frameworks */ = {isa = PBXBuildFile; fileRef = 4C88C9052FBB72E300142A61 /* Libdav1d.xcframework */; };
		4C88C9112FBB72E300142A61 /* Libavutil.xcframework in Frameworks */ = {isa = PBXBuildFile; fileRef = 4C88C9062FBB72E300142A61 /* Libavutil.xcframework */; };
		4CCE16BB2FC9689700368AD7 /* ZIPFoundation in Frameworks */ = {isa = PBXBuildFile; productRef = 4CCE16BA2FC9689700368AD7 /* ZIPFoundation */; };
		4CCE175C2FC98B9200368AD7 /* Qwen3TTS in Frameworks */ = {isa = PBXBuildFile; productRef = 4CCE175B2FC98B9200368AD7 /* Qwen3TTS */; };
/* End PBXBuildFile section */

/* Begin PBXFileReference section */
		4C289B502FBDE46700F034AD /* Strophe.icon */ = {isa = PBXFileReference; lastKnownFileType = folder.iconcomposer.icon; path = Strophe.icon; sourceTree = "<group>"; };
		4C3566352FB81D160046E36C /* Strophe.app */ = {isa = PBXFileReference; explicitFileType = wrapper.application; includeInIndex = 0; path = Strophe.app; sourceTree = BUILT_PRODUCTS_DIR; };
		4C88C9012FBB72E300142A61 /* Libswscale.xcframework */ = {isa = PBXFileReference; lastKnownFileType = wrapper.xcframework; name = Libswscale.xcframework; path = ../FFmpegBuild/Sources/Libswscale.xcframework; sourceTree = "<group>"; };
		4C88C9022FBB72E300142A61 /* Libavcodec.xcframework */ = {isa = PBXFileReference; lastKnownFileType = wrapper.xcframework; name = Libavcodec.xcframework; path = ../FFmpegBuild/Sources/Libavcodec.xcframework; sourceTree = "<group>"; };
		4C88C9032FBB72E300142A61 /* Libavformat.xcframework */ = {isa = PBXFileReference; lastKnownFileType = wrapper.xcframework; name = Libavformat.xcframework; path = ../FFmpegBuild/Sources/Libavformat.xcframework; sourceTree = "<group>"; };
		4C88C9042FBB72E300142A61 /* Libswresample.xcframework */ = {isa = PBXFileReference; lastKnownFileType = wrapper.xcframework; name = Libswresample.xcframework; path = ../FFmpegBuild/Sources/Libswresample.xcframework; sourceTree = "<group>"; };
		4C88C9052FBB72E300142A61 /* Libdav1d.xcframework */ = {isa = PBXFileReference; lastKnownFileType = wrapper.xcframework; name = Libdav1d.xcframework; path = ../FFmpegBuild/Sources/Libdav1d.xcframework; sourceTree = "<group>"; };
		4C88C9062FBB72E300142A61 /* Libavutil.xcframework */ = {isa = PBXFileReference; lastKnownFileType = wrapper.xcframework; name = Libavutil.xcframework; path = ../FFmpegBuild/Sources/Libavutil.xcframework; sourceTree = "<group>"; };
/* End PBXFileReference section */

/* Begin PBXFileSystemSynchronizedBuildFileExceptionSet section */
		4C55AEDC2FBF1E20009D32E3 /* Exceptions for "Strophe" folder in "Strophe" target */ = {
			isa = PBXFileSystemSynchronizedBuildFileExceptionSet;
			membershipExceptions = (
				Info.plist,
			);
			target = 4C3566342FB81D160046E36C /* Strophe */;
		};
/* End PBXFileSystemSynchronizedBuildFileExceptionSet section */

/* Begin PBXFileSystemSynchronizedRootGroup section */
		4C3566372FB81D160046E36C /* Strophe */ = {
			isa = PBXFileSystemSynchronizedRootGroup;
			exceptions = (
				4C55AEDC2FBF1E20009D32E3 /* Exceptions for "Strophe" folder in "Strophe" target */,
			);
			path = Strophe;
			sourceTree = "<group>";
		};
/* End PBXFileSystemSynchronizedRootGroup section */

/* Begin PBXFrameworksBuildPhase section */
		4C3566322FB81D160046E36C /* Frameworks */ = {
			isa = PBXFrameworksBuildPhase;
			buildActionMask = 2147483647;
			files = (
				4C88C90D2FBB72E300142A61 /* Libswresample.xcframework in Frameworks */,
				4C88C9092FBB72E300142A61 /* Libavcodec.xcframework in Frameworks */,
				4CCE175C2FC98B9200368AD7 /* Qwen3TTS in Frameworks */,
				4C5220072FC87C340065A20D /* Spleeter in Frameworks */,
				4C88C90B2FBB72E300142A61 /* Libavformat.xcframework in Frameworks */,
				4C88C9072FBB72E300142A61 /* Libswscale.xcframework in Frameworks */,
				4C88C9112FBB72E300142A61 /* Libavutil.xcframework in Frameworks */,
				4C52200E2FC881640065A20D /* SpeechEnhancement in Frameworks */,
				4C88C90F2FBB72E300142A61 /* Libdav1d.xcframework in Frameworks */,
				4C5220102FC881640065A20D /* SpeechVAD in Frameworks */,
				4C52200A2FC881640065A20D /* Qwen3ASR in Frameworks */,
				4C280D722FBAB0980096A4D3 /* AsyncAlgorithms in Frameworks */,
				4CCE16BB2FC9689700368AD7 /* ZIPFoundation in Frameworks */,
			);
			runOnlyForDeploymentPostprocessing = 0;
		};
/* End PBXFrameworksBuildPhase section */

/* Begin PBXGroup section */
		4C35662C2FB81D160046E36C = {
			isa = PBXGroup;
			children = (
				4C289B502FBDE46700F034AD /* Strophe.icon */,
				4C3566372FB81D160046E36C /* Strophe */,
				4C88C8FC2FBB71E500142A61 /* Frameworks */,
				4C3566362FB81D160046E36C /* Products */,
			);
			sourceTree = "<group>";
		};
		4C3566362FB81D160046E36C /* Products */ = {
			isa = PBXGroup;
			children = (
				4C3566352FB81D160046E36C /* Strophe.app */,
			);
			name = Products;
			sourceTree = "<group>";
		};
		4C88C8FC2FBB71E500142A61 /* Frameworks */ = {
			isa = PBXGroup;
			children = (
				4C88C9022FBB72E300142A61 /* Libavcodec.xcframework */,
				4C88C9032FBB72E300142A61 /* Libavformat.xcframework */,
				4C88C9062FBB72E300142A61 /* Libavutil.xcframework */,
				4C88C9052FBB72E300142A61 /* Libdav1d.xcframework */,
				4C88C9042FBB72E300142A61 /* Libswresample.xcframework */,
				4C88C9012FBB72E300142A61 /* Libswscale.xcframework */,
			);
			name = Frameworks;
			sourceTree = "<group>";
		};
/* End PBXGroup section */

/* Begin PBXNativeTarget section */
		4C3566342FB81D160046E36C /* Strophe */ = {
			isa = PBXNativeTarget;
			buildConfigurationList = 4C3566422FB81D170046E36C /* Build configuration list for PBXNativeTarget "Strophe" */;
			buildPhases = (
				4C3566312FB81D160046E36C /* Sources */,
				4C3566322FB81D160046E36C /* Frameworks */,
				4C3566332FB81D160046E36C /* Resources */,
			);
			buildRules = (
			);
			dependencies = (
			);
			fileSystemSynchronizedGroups = (
				4C3566372FB81D160046E36C /* Strophe */,
			);
			name = Strophe;
			packageProductDependencies = (
				4C280D712FBAB0980096A4D3 /* AsyncAlgorithms */,
				4C5220062FC87C340065A20D /* Spleeter */,
				4C5220092FC881640065A20D /* Qwen3ASR */,
				4C52200D2FC881640065A20D /* SpeechEnhancement */,
				4C52200F2FC881640065A20D /* SpeechVAD */,
				4CCE16BA2FC9689700368AD7 /* ZIPFoundation */,
				4CCE175B2FC98B9200368AD7 /* Qwen3TTS */,
			);
			productName = Strophe;
			productReference = 4C3566352FB81D160046E36C /* Strophe.app */;
			productType = "com.apple.product-type.application";
		};
/* End PBXNativeTarget section */

/* Begin PBXProject section */
		4C35662D2FB81D160046E36C /* Project object */ = {
			isa = PBXProject;
			attributes = {
				BuildIndependentTargetsInParallel = 1;
				LastSwiftUpdateCheck = 2640;
				LastUpgradeCheck = 2640;
				TargetAttributes = {
					4C3566342FB81D160046E36C = {
						CreatedOnToolsVersion = 26.4.1;
					};
				};
			};
			buildConfigurationList = 4C3566302FB81D160046E36C /* Build configuration list for PBXProject "Strophe" */;
			developmentRegion = en;
			hasScannedForEncodings = 0;
			knownRegions = (
				en,
				Base,
			);
			mainGroup = 4C35662C2FB81D160046E36C;
			minimizedProjectReferenceProxies = 1;
			packageReferences = (
				4C280D702FBAB0980096A4D3 /* XCRemoteSwiftPackageReference "swift-async-algorithms" */,
				4C5220052FC87C340065A20D /* XCRemoteSwiftPackageReference "swift-spleeter" */,
				4C5220082FC881640065A20D /* XCRemoteSwiftPackageReference "speech-swift" */,
				4CCE16B92FC9689700368AD7 /* XCRemoteSwiftPackageReference "ZIPFoundation" */,
			);
			preferredProjectObjectVersion = 77;
			productRefGroup = 4C3566362FB81D160046E36C /* Products */;
			projectDirPath = "";
			projectRoot = "";
			targets = (
				4C3566342FB81D160046E36C /* Strophe */,
			);
		};
/* End PBXProject section */

/* Begin PBXResourcesBuildPhase section */
		4C3566332FB81D160046E36C /* Resources */ = {
			isa = PBXResourcesBuildPhase;
			buildActionMask = 2147483647;
			files = (
				4C289B512FBDE46700F034AD /* Strophe.icon in Resources */,
			);
			runOnlyForDeploymentPostprocessing = 0;
		};
/* End PBXResourcesBuildPhase section */

/* Begin PBXSourcesBuildPhase section */
		4C3566312FB81D160046E36C /* Sources */ = {
			isa = PBXSourcesBuildPhase;
			buildActionMask = 2147483647;
			files = (
			);
			runOnlyForDeploymentPostprocessing = 0;
		};
/* End PBXSourcesBuildPhase section */

/* Begin XCBuildConfiguration section */
		4C3566402FB81D170046E36C /* Debug */ = {
			isa = XCBuildConfiguration;
			buildSettings = {
				ALWAYS_SEARCH_USER_PATHS = NO;
				ARCHS = arm64;
				ASSETCATALOG_COMPILER_GENERATE_SWIFT_ASSET_SYMBOL_EXTENSIONS = YES;
				CLANG_ANALYZER_NONNULL = YES;
				CLANG_ANALYZER_NUMBER_OBJECT_CONVERSION = YES_AGGRESSIVE;
				CLANG_CXX_LANGUAGE_STANDARD = "gnu++20";
				CLANG_ENABLE_MODULES = YES;
				CLANG_ENABLE_OBJC_ARC = YES;
				CLANG_ENABLE_OBJC_WEAK = YES;
				CLANG_WARN_BLOCK_CAPTURE_AUTORELEASING = YES;
				CLANG_WARN_BOOL_CONVERSION = YES;
				CLANG_WARN_COMMA = YES;
				CLANG_WARN_CONSTANT_CONVERSION = YES;
				CLANG_WARN_DEPRECATED_OBJC_IMPLEMENTATIONS = YES;
				CLANG_WARN_DIRECT_OBJC_ISA_USAGE = YES_ERROR;
				CLANG_WARN_DOCUMENTATION_COMMENTS = YES;
				CLANG_WARN_EMPTY_BODY = YES;
				CLANG_WARN_ENUM_CONVERSION = YES;
				CLANG_WARN_INFINITE_RECURSION = YES;
				CLANG_WARN_INT_CONVERSION = YES;
				CLANG_WARN_NON_LITERAL_NULL_CONVERSION = YES;
				CLANG_WARN_OBJC_IMPLICIT_RETAIN_SELF = YES;
				CLANG_WARN_OBJC_LITERAL_CONVERSION = YES;
				CLANG_WARN_OBJC_ROOT_CLASS = YES_ERROR;
				CLANG_WARN_QUOTED_INCLUDE_IN_FRAMEWORK_HEADER = YES;
				CLANG_WARN_RANGE_LOOP_ANALYSIS = YES;
				CLANG_WARN_STRICT_PROTOTYPES = YES;
				CLANG_WARN_SUSPICIOUS_MOVE = YES;
				CLANG_WARN_UNGUARDED_AVAILABILITY = YES_AGGRESSIVE;
				CLANG_WARN_UNREACHABLE_CODE = YES;
				CLANG_WARN__DUPLICATE_METHOD_MATCH = YES;
				COPY_PHASE_STRIP = NO;
				DEBUG_INFORMATION_FORMAT = dwarf;
				DEVELOPMENT_TEAM = 3XV7UWT8UV;
				ENABLE_STRICT_OBJC_MSGSEND = YES;
				ENABLE_TESTABILITY = YES;
				ENABLE_USER_SCRIPT_SANDBOXING = YES;
				"EXCLUDED_ARCHS[sdk=*]" = x86_64;
				GCC_C_LANGUAGE_STANDARD = gnu17;
				GCC_DYNAMIC_NO_PIC = NO;
				GCC_NO_COMMON_BLOCKS = YES;
				GCC_OPTIMIZATION_LEVEL = 0;
				GCC_PREPROCESSOR_DEFINITIONS = (
					"DEBUG=1",
					"$(inherited)",
				);
				GCC_WARN_64_TO_32_BIT_CONVERSION = YES;
				GCC_WARN_ABOUT_RETURN_TYPE = YES_ERROR;
				GCC_WARN_UNDECLARED_SELECTOR = YES;
				GCC_WARN_UNINITIALIZED_AUTOS = YES_AGGRESSIVE;
				GCC_WARN_UNUSED_FUNCTION = YES;
				GCC_WARN_UNUSED_VARIABLE = YES;
				LOCALIZATION_PREFERS_STRING_CATALOGS = YES;
				MTL_ENABLE_DEBUG_INFO = INCLUDE_SOURCE;
				MTL_FAST_MATH = YES;
				ONLY_ACTIVE_ARCH = YES;
				SWIFT_ACTIVE_COMPILATION_CONDITIONS = "DEBUG $(inherited)";
				SWIFT_OPTIMIZATION_LEVEL = "-Onone";
				SWIFT_VERSION = 6.0;
			};
			name = Debug;
		};
		4C3566412FB81D170046E36C /* Release */ = {
			isa = XCBuildConfiguration;
			buildSettings = {
				ALWAYS_SEARCH_USER_PATHS = NO;
				ARCHS = arm64;
				ASSETCATALOG_COMPILER_GENERATE_SWIFT_ASSET_SYMBOL_EXTENSIONS = YES;
				CLANG_ANALYZER_NONNULL = YES;
				CLANG_ANALYZER_NUMBER_OBJECT_CONVERSION = YES_AGGRESSIVE;
				CLANG_CXX_LANGUAGE_STANDARD = "gnu++20";
				CLANG_ENABLE_MODULES = YES;
				CLANG_ENABLE_OBJC_ARC = YES;
				CLANG_ENABLE_OBJC_WEAK = YES;
				CLANG_WARN_BLOCK_CAPTURE_AUTORELEASING = YES;
				CLANG_WARN_BOOL_CONVERSION = YES;
				CLANG_WARN_COMMA = YES;
				CLANG_WARN_CONSTANT_CONVERSION = YES;
				CLANG_WARN_DEPRECATED_OBJC_IMPLEMENTATIONS = YES;
				CLANG_WARN_DIRECT_OBJC_ISA_USAGE = YES_ERROR;
				CLANG_WARN_DOCUMENTATION_COMMENTS = YES;
				CLANG_WARN_EMPTY_BODY = YES;
				CLANG_WARN_ENUM_CONVERSION = YES;
				CLANG_WARN_INFINITE_RECURSION = YES;
				CLANG_WARN_INT_CONVERSION = YES;
				CLANG_WARN_NON_LITERAL_NULL_CONVERSION = YES;
				CLANG_WARN_OBJC_IMPLICIT_RETAIN_SELF = YES;
				CLANG_WARN_OBJC_LITERAL_CONVERSION = YES;
				CLANG_WARN_OBJC_ROOT_CLASS = YES_ERROR;
				CLANG_WARN_QUOTED_INCLUDE_IN_FRAMEWORK_HEADER = YES;
				CLANG_WARN_RANGE_LOOP_ANALYSIS = YES;
				CLANG_WARN_STRICT_PROTOTYPES = YES;
				CLANG_WARN_SUSPICIOUS_MOVE = YES;
				CLANG_WARN_UNGUARDED_AVAILABILITY = YES_AGGRESSIVE;
				CLANG_WARN_UNREACHABLE_CODE = YES;
				CLANG_WARN__DUPLICATE_METHOD_MATCH = YES;
				COPY_PHASE_STRIP = NO;
				DEBUG_INFORMATION_FORMAT = "dwarf-with-dsym";
				DEVELOPMENT_TEAM = 3XV7UWT8UV;
				ENABLE_NS_ASSERTIONS = NO;
				ENABLE_STRICT_OBJC_MSGSEND = YES;
				ENABLE_USER_SCRIPT_SANDBOXING = YES;
				"EXCLUDED_ARCHS[sdk=*]" = x86_64;
				GCC_C_LANGUAGE_STANDARD = gnu17;
				GCC_NO_COMMON_BLOCKS = YES;
				GCC_OPTIMIZATION_LEVEL = z;
				GCC_WARN_64_TO_32_BIT_CONVERSION = YES;
				GCC_WARN_ABOUT_RETURN_TYPE = YES_ERROR;
				GCC_WARN_UNDECLARED_SELECTOR = YES;
				GCC_WARN_UNINITIALIZED_AUTOS = YES_AGGRESSIVE;
				GCC_WARN_UNUSED_FUNCTION = YES;
				GCC_WARN_UNUSED_VARIABLE = YES;
				LOCALIZATION_PREFERS_STRING_CATALOGS = YES;
				MTL_ENABLE_DEBUG_INFO = NO;
				MTL_FAST_MATH = YES;
				ONLY_ACTIVE_ARCH = YES;
				SWIFT_COMPILATION_MODE = wholemodule;
				SWIFT_VERSION = 6.0;
			};
			name = Release;
		};
		4C3566432FB81D170046E36C /* Debug */ = {
			isa = XCBuildConfiguration;
			buildSettings = {
				ARCHS = arm64;
				ASSETCATALOG_COMPILER_APPICON_NAME = Strophe;
				ASSETCATALOG_COMPILER_GLOBAL_ACCENT_COLOR_NAME = AccentColor;
				CODE_SIGN_STYLE = Automatic;
				CURRENT_PROJECT_VERSION = 1;
				DEVELOPMENT_TEAM = 3XV7UWT8UV;
				ENABLE_APP_SANDBOX = YES;
				ENABLE_HARDENED_RUNTIME = YES;
				ENABLE_INCOMING_NETWORK_CONNECTIONS = YES;
				ENABLE_OUTGOING_NETWORK_CONNECTIONS = YES;
				ENABLE_PREVIEWS = YES;
				ENABLE_RESOURCE_ACCESS_AUDIO_INPUT = NO;
				ENABLE_RESOURCE_ACCESS_BLUETOOTH = NO;
				ENABLE_RESOURCE_ACCESS_CALENDARS = NO;
				ENABLE_RESOURCE_ACCESS_CAMERA = NO;
				ENABLE_RESOURCE_ACCESS_CONTACTS = NO;
				ENABLE_RESOURCE_ACCESS_LOCATION = NO;
				ENABLE_RESOURCE_ACCESS_PRINTING = NO;
				ENABLE_RESOURCE_ACCESS_USB = NO;
				ENABLE_USER_SELECTED_FILES = readwrite;
				EXCLUDED_ARCHS = "";
				"EXCLUDED_ARCHS[sdk=*]" = x86_64;
				GENERATE_INFOPLIST_FILE = YES;
				INFOPLIST_FILE = Strophe/Info.plist;
				INFOPLIST_KEY_LSApplicationCategoryType = "public.app-category.productivity";
				"INFOPLIST_KEY_UIApplicationSceneManifest_Generation[sdk=iphoneos*]" = YES;
				"INFOPLIST_KEY_UIApplicationSceneManifest_Generation[sdk=iphonesimulator*]" = YES;
				"INFOPLIST_KEY_UIApplicationSupportsIndirectInputEvents[sdk=iphoneos*]" = YES;
				"INFOPLIST_KEY_UIApplicationSupportsIndirectInputEvents[sdk=iphonesimulator*]" = YES;
				"INFOPLIST_KEY_UILaunchScreen_Generation[sdk=iphoneos*]" = YES;
				"INFOPLIST_KEY_UILaunchScreen_Generation[sdk=iphonesimulator*]" = YES;
				"INFOPLIST_KEY_UIStatusBarStyle[sdk=iphoneos*]" = UIStatusBarStyleDefault;
				"INFOPLIST_KEY_UIStatusBarStyle[sdk=iphonesimulator*]" = UIStatusBarStyleDefault;
				INFOPLIST_KEY_UISupportedInterfaceOrientations = UIInterfaceOrientationPortrait;
				INFOPLIST_KEY_UISupportedInterfaceOrientations_iPad = "UIInterfaceOrientationLandscapeLeft UIInterfaceOrientationLandscapeRight UIInterfaceOrientationPortrait UIInterfaceOrientationPortraitUpsideDown";
				IPHONEOS_DEPLOYMENT_TARGET = 18.0;
				LD_RUNPATH_SEARCH_PATHS = "@executable_path/Frameworks";
				"LD_RUNPATH_SEARCH_PATHS[sdk=macosx*]" = "@executable_path/../Frameworks";
				MACOSX_DEPLOYMENT_TARGET = 15.0;
				MARKETING_VERSION = 1.0;
				PRODUCT_BUNDLE_IDENTIFIER = top.maqa.Strophe;
				PRODUCT_NAME = "$(TARGET_NAME)";
				REGISTER_APP_GROUPS = YES;
				SDKROOT = auto;
				STRING_CATALOG_GENERATE_SYMBOLS = YES;
				SUPPORTED_PLATFORMS = "iphoneos iphonesimulator macosx xros xrsimulator";
				SWIFT_APPROACHABLE_CONCURRENCY = YES;
				SWIFT_DEFAULT_ACTOR_ISOLATION = MainActor;
				SWIFT_EMIT_LOC_STRINGS = YES;
				SWIFT_UPCOMING_FEATURE_MEMBER_IMPORT_VISIBILITY = YES;
				SWIFT_VERSION = 6.0;
				TARGETED_DEVICE_FAMILY = "1,2,7";
				XROS_DEPLOYMENT_TARGET = 2.0;
			};
			name = Debug;
		};
		4C3566442FB81D170046E36C /* Release */ = {
			isa = XCBuildConfiguration;
			buildSettings = {
				ARCHS = arm64;
				ASSETCATALOG_COMPILER_APPICON_NAME = Strophe;
				ASSETCATALOG_COMPILER_GLOBAL_ACCENT_COLOR_NAME = AccentColor;
				CODE_SIGN_STYLE = Automatic;
				CURRENT_PROJECT_VERSION = 1;
				DEVELOPMENT_TEAM = 3XV7UWT8UV;
				ENABLE_APP_SANDBOX = YES;
				ENABLE_HARDENED_RUNTIME = YES;
				ENABLE_INCOMING_NETWORK_CONNECTIONS = YES;
				ENABLE_OUTGOING_NETWORK_CONNECTIONS = YES;
				ENABLE_PREVIEWS = YES;
				ENABLE_RESOURCE_ACCESS_AUDIO_INPUT = NO;
				ENABLE_RESOURCE_ACCESS_BLUETOOTH = NO;
				ENABLE_RESOURCE_ACCESS_CALENDARS = NO;
				ENABLE_RESOURCE_ACCESS_CAMERA = NO;
				ENABLE_RESOURCE_ACCESS_CONTACTS = NO;
				ENABLE_RESOURCE_ACCESS_LOCATION = NO;
				ENABLE_RESOURCE_ACCESS_PRINTING = NO;
				ENABLE_RESOURCE_ACCESS_USB = NO;
				ENABLE_USER_SELECTED_FILES = readwrite;
				EXCLUDED_ARCHS = "";
				"EXCLUDED_ARCHS[sdk=*]" = x86_64;
				GENERATE_INFOPLIST_FILE = YES;
				INFOPLIST_FILE = Strophe/Info.plist;
				INFOPLIST_KEY_LSApplicationCategoryType = "public.app-category.productivity";
				"INFOPLIST_KEY_UIApplicationSceneManifest_Generation[sdk=iphoneos*]" = YES;
				"INFOPLIST_KEY_UIApplicationSceneManifest_Generation[sdk=iphonesimulator*]" = YES;
				"INFOPLIST_KEY_UIApplicationSupportsIndirectInputEvents[sdk=iphoneos*]" = YES;
				"INFOPLIST_KEY_UIApplicationSupportsIndirectInputEvents[sdk=iphonesimulator*]" = YES;
				"INFOPLIST_KEY_UILaunchScreen_Generation[sdk=iphoneos*]" = YES;
				"INFOPLIST_KEY_UILaunchScreen_Generation[sdk=iphonesimulator*]" = YES;
				"INFOPLIST_KEY_UIStatusBarStyle[sdk=iphoneos*]" = UIStatusBarStyleDefault;
				"INFOPLIST_KEY_UIStatusBarStyle[sdk=iphonesimulator*]" = UIStatusBarStyleDefault;
				INFOPLIST_KEY_UISupportedInterfaceOrientations = UIInterfaceOrientationPortrait;
				INFOPLIST_KEY_UISupportedInterfaceOrientations_iPad = "UIInterfaceOrientationLandscapeLeft UIInterfaceOrientationLandscapeRight UIInterfaceOrientationPortrait UIInterfaceOrientationPortraitUpsideDown";
				IPHONEOS_DEPLOYMENT_TARGET = 18.0;
				LD_RUNPATH_SEARCH_PATHS = "@executable_path/Frameworks";
				"LD_RUNPATH_SEARCH_PATHS[sdk=macosx*]" = "@executable_path/../Frameworks";
				MACOSX_DEPLOYMENT_TARGET = 15.0;
				MARKETING_VERSION = 1.0;
				PRODUCT_BUNDLE_IDENTIFIER = top.maqa.Strophe;
				PRODUCT_NAME = "$(TARGET_NAME)";
				REGISTER_APP_GROUPS = YES;
				SDKROOT = auto;
				STRING_CATALOG_GENERATE_SYMBOLS = YES;
				SUPPORTED_PLATFORMS = "iphoneos iphonesimulator macosx xros xrsimulator";
				SWIFT_APPROACHABLE_CONCURRENCY = YES;
				SWIFT_DEFAULT_ACTOR_ISOLATION = MainActor;
				SWIFT_EMIT_LOC_STRINGS = YES;
				SWIFT_UPCOMING_FEATURE_MEMBER_IMPORT_VISIBILITY = YES;
				SWIFT_VERSION = 6.0;
				TARGETED_DEVICE_FAMILY = "1,2,7";
				XROS_DEPLOYMENT_TARGET = 2.0;
			};
			name = Release;
		};
/* End XCBuildConfiguration section */

/* Begin XCConfigurationList section */
		4C3566302FB81D160046E36C /* Build configuration list for PBXProject "Strophe" */ = {
			isa = XCConfigurationList;
			buildConfigurations = (
				4C3566402FB81D170046E36C /* Debug */,
				4C3566412FB81D170046E36C /* Release */,
			);
			defaultConfigurationIsVisible = 0;
			defaultConfigurationName = Release;
		};
		4C3566422FB81D170046E36C /* Build configuration list for PBXNativeTarget "Strophe" */ = {
			isa = XCConfigurationList;
			buildConfigurations = (
				4C3566432FB81D170046E36C /* Debug */,
				4C3566442FB81D170046E36C /* Release */,
			);
			defaultConfigurationIsVisible = 0;
			defaultConfigurationName = Release;
		};
/* End XCConfigurationList section */

/* Begin XCRemoteSwiftPackageReference section */
		4C280D702FBAB0980096A4D3 /* XCRemoteSwiftPackageReference "swift-async-algorithms" */ = {
			isa = XCRemoteSwiftPackageReference;
			repositoryURL = "https://github.com/apple/swift-async-algorithms.git";
			requirement = {
				kind = upToNextMajorVersion;
				minimumVersion = 1.1.3;
			};
		};
		4C5220052FC87C340065A20D /* XCRemoteSwiftPackageReference "swift-spleeter" */ = {
			isa = XCRemoteSwiftPackageReference;
			repositoryURL = "https://github.com/jiyimeta/swift-spleeter";
			requirement = {
				kind = upToNextMajorVersion;
				minimumVersion = 0.2.0;
			};
		};
		4C5220082FC881640065A20D /* XCRemoteSwiftPackageReference "speech-swift" */ = {
			isa = XCRemoteSwiftPackageReference;
			repositoryURL = "https://github.com/soniqo/speech-swift";
			requirement = {
				branch = main;
				kind = branch;
			};
		};
		4CCE16B92FC9689700368AD7 /* XCRemoteSwiftPackageReference "ZIPFoundation" */ = {
			isa = XCRemoteSwiftPackageReference;
			repositoryURL = "https://github.com/weichsel/ZIPFoundation.git";
			requirement = {
				kind = upToNextMajorVersion;
				minimumVersion = 0.9.20;
			};
		};
/* End XCRemoteSwiftPackageReference section */

/* Begin XCSwiftPackageProductDependency section */
		4C280D712FBAB0980096A4D3 /* AsyncAlgorithms */ = {
			isa = XCSwiftPackageProductDependency;
			package = 4C280D702FBAB0980096A4D3 /* XCRemoteSwiftPackageReference "swift-async-algorithms" */;
			productName = AsyncAlgorithms;
		};
		4C5220062FC87C340065A20D /* Spleeter */ = {
			isa = XCSwiftPackageProductDependency;
			package = 4C5220052FC87C340065A20D /* XCRemoteSwiftPackageReference "swift-spleeter" */;
			productName = Spleeter;
		};
		4C5220092FC881640065A20D /* Qwen3ASR */ = {
			isa = XCSwiftPackageProductDependency;
			package = 4C5220082FC881640065A20D /* XCRemoteSwiftPackageReference "speech-swift" */;
			productName = Qwen3ASR;
		};
		4C52200D2FC881640065A20D /* SpeechEnhancement */ = {
			isa = XCSwiftPackageProductDependency;
			package = 4C5220082FC881640065A20D /* XCRemoteSwiftPackageReference "speech-swift" */;
			productName = SpeechEnhancement;
		};
		4C52200F2FC881640065A20D /* SpeechVAD */ = {
			isa = XCSwiftPackageProductDependency;
			package = 4C5220082FC881640065A20D /* XCRemoteSwiftPackageReference "speech-swift" */;
			productName = SpeechVAD;
		};
		4CCE16BA2FC9689700368AD7 /* ZIPFoundation */ = {
			isa = XCSwiftPackageProductDependency;
			package = 4CCE16B92FC9689700368AD7 /* XCRemoteSwiftPackageReference "ZIPFoundation" */;
			productName = ZIPFoundation;
		};
		4CCE175B2FC98B9200368AD7 /* Qwen3TTS */ = {
			isa = XCSwiftPackageProductDependency;
			package = 4C5220082FC881640065A20D /* XCRemoteSwiftPackageReference "speech-swift" */;
			productName = Qwen3TTS;
		};
/* End XCSwiftPackageProductDependency section */
	};
	rootObject = 4C35662D2FB81D160046E36C /* Project object */;
}
